
Microsoft Visual Studio Solution File, Format Version 12.00
# Visual Studio Version 16
VisualStudioVersion = 16.0.31515.178
MinimumVisualStudioVersion = 10.0.40219.1
Project("{FAE04EC0-301F-11D3-BF4B-00C04F79EFBC}") = "ApiTienda", "ApiTienda\ApiTienda.csproj", "{5708505A-F30C-49BE-A848-B22AFFAD3F5A}"
EndProject
Global
	GlobalSection(SolutionConfigurationPlatforms) = preSolution
		Debug|Any CPU = Debug|Any CPU
		Release|Any CPU = Release|Any CPU
	EndGlobalSection
	GlobalSection(ProjectConfigurationPlatforms) = postSolution
		{5708505A-F30C-49BE-A848-B22AFFAD3F5A}.Debug|Any CPU.ActiveCfg = Debug|Any CPU
		{5708505A-F30C-49BE-A848-B22AFFAD3F5A}.Debug|Any CPU.Build.0 = Debug|Any CPU
		{5708505A-F30C-49BE-A848-B22AFFAD3F5A}.Release|Any CPU.ActiveCfg = Release|Any CPU
		{5708505A-F30C-49BE-A848-B22AFFAD3F5A}.Release|Any CPU.Build.0 = Release|Any CPU
	EndGlobalSection
	GlobalSection(SolutionProperties) = preSolution
		HideSolutionNode = FALSE
	EndGlobalSection
	GlobalSection(ExtensibilityGlobals) = postSolution
		SolutionGuid = {27081F4B-2A11-4C27-9369-BB3DA6301F56}
	EndGlobalSection
EndGlobal
